
Microsoft Visual Studio Solution File, Format Version 12.00
# Visual Studio Version 16
VisualStudioVersion = 16.0.31702.278
MinimumVisualStudioVersion = 10.0.40219.1
Project("{9A19103F-16F7-4668-BE54-9A1E7A4F7556}") = "x509storeFromContainer", "x509storeFromContainer.csproj", "{227F11E3-9658-461E-AC14-860B09836975}"
EndProject
Global
	GlobalSection(SolutionConfigurationPlatforms) = preSolution
		Debug|Any CPU = Debug|Any CPU
		Release|Any CPU = Release|Any CPU
	EndGlobalSection
	GlobalSection(ProjectConfigurationPlatforms) = postSolution
		{227F11E3-9658-461E-AC14-860B09836975}.Debug|Any CPU.ActiveCfg = Debug|Any CPU
		{227F11E3-9658-461E-AC14-860B09836975}.Debug|Any CPU.Build.0 = Debug|Any CPU
		{227F11E3-9658-461E-AC14-860B09836975}.Release|Any CPU.ActiveCfg = Release|Any CPU
		{227F11E3-9658-461E-AC14-860B09836975}.Release|Any CPU.Build.0 = Release|Any CPU
	EndGlobalSection
	GlobalSection(SolutionProperties) = preSolution
		HideSolutionNode = FALSE
	EndGlobalSection
	GlobalSection(ExtensibilityGlobals) = postSolution
		SolutionGuid = {4001BA6C-0B29-48B7-B356-C4B1159CDD24}
	EndGlobalSection
EndGlobal
